
Microsoft Visual Studio Solution File, Format Version 12.00
# Visual Studio Version 17
VisualStudioVersion = 17.10.34916.146
MinimumVisualStudioVersion = 10.0.40219.1
Project("{FAE04EC0-301F-11D3-BF4B-00C04F79EFBC}") = "ScadaCore", "ScadaCore\ScadaCore.csproj", "{1B8DAC8C-922B-489C-891A-1646C765F794}"
EndProject
Project("{FAE04EC0-301F-11D3-BF4B-00C04F79EFBC}") = "SimulationDriver", "SimulationDriver\SimulationDriver.csproj", "{6C4E4E4A-9849-4B19-B124-6A52136A6E9A}"
EndProject
Project("{9A19103F-16F7-4668-BE54-9A1E7A4F7556}") = "DatabaseManager", "DatabaseManager\DatabaseManager.csproj", "{AB9ED66A-80E9-410D-9061-2085D39BFA0B}"
EndProject
Project("{9A19103F-16F7-4668-BE54-9A1E7A4F7556}") = "AlarmDisplay", "AlarmDisplay\AlarmDisplay.csproj", "{C5843719-8E41-466E-BA4D-9CED885790AE}"
EndProject
Project("{FAE04EC0-301F-11D3-BF4B-00C04F79EFBC}") = "ScadaCoreTests", "ScadaCoreTests\ScadaCoreTests.csproj", "{6FB6511B-9902-460A-AFA6-15B322D8D324}"
EndProject
Project("{FAE04EC0-301F-11D3-BF4B-00C04F79EFBC}") = "DriverApi", "DriverApi\DriverApi.csproj", "{3127EF2C-D932-4317-88C0-F775F8471C1D}"
EndProject
Project("{FAE04EC0-301F-11D3-BF4B-00C04F79EFBC}") = "TrendingApp", "TrendingApp\TrendingApp.csproj", "{30B50E2C-845C-40B7-8292-8AB9D22FCC32}"
	ProjectSection(ProjectDependencies) = postProject
		{1B8DAC8C-922B-489C-891A-1646C765F794} = {1B8DAC8C-922B-489C-891A-1646C765F794}
	EndProjectSection
EndProject
Project("{FAE04EC0-301F-11D3-BF4B-00C04F79EFBC}") = "ReportManager", "ReportManager\ReportManager.csproj", "{F4A32FB2-3CA6-4D82-A772-1EE6E27FD4B0}"
EndProject
Project("{FAE04EC0-301F-11D3-BF4B-00C04F79EFBC}") = "RTDriver", "RTDriver\RTDriver.csproj", "{B3AA1E7C-C3E3-4F68-9F3C-87A67C54F729}"
EndProject
Project("{FAE04EC0-301F-11D3-BF4B-00C04F79EFBC}") = "RTUnit", "RTUnit\RTUnit.csproj", "{A0B5D8B7-A843-4C3B-A07F-293C191423D9}"
	ProjectSection(ProjectDependencies) = postProject
		{1B8DAC8C-922B-489C-891A-1646C765F794} = {1B8DAC8C-922B-489C-891A-1646C765F794}
	EndProjectSection
EndProject
Global
	GlobalSection(SolutionConfigurationPlatforms) = preSolution
		Debug|Any CPU = Debug|Any CPU
		Release|Any CPU = Release|Any CPU
	EndGlobalSection
	GlobalSection(ProjectConfigurationPlatforms) = postSolution
		{1B8DAC8C-922B-489C-891A-1646C765F794}.Debug|Any CPU.ActiveCfg = Debug|Any CPU
		{1B8DAC8C-922B-489C-891A-1646C765F794}.Debug|Any CPU.Build.0 = Debug|Any CPU
		{1B8DAC8C-922B-489C-891A-1646C765F794}.Release|Any CPU.ActiveCfg = Release|Any CPU
		{1B8DAC8C-922B-489C-891A-1646C765F794}.Release|Any CPU.Build.0 = Release|Any CPU
		{6C4E4E4A-9849-4B19-B124-6A52136A6E9A}.Debug|Any CPU.ActiveCfg = Debug|Any CPU
		{6C4E4E4A-9849-4B19-B124-6A52136A6E9A}.Debug|Any CPU.Build.0 = Debug|Any CPU
		{6C4E4E4A-9849-4B19-B124-6A52136A6E9A}.Release|Any CPU.ActiveCfg = Release|Any CPU
		{6C4E4E4A-9849-4B19-B124-6A52136A6E9A}.Release|Any CPU.Build.0 = Release|Any CPU
		{AB9ED66A-80E9-410D-9061-2085D39BFA0B}.Debug|Any CPU.ActiveCfg = Debug|Any CPU
		{AB9ED66A-80E9-410D-9061-2085D39BFA0B}.Debug|Any CPU.Build.0 = Debug|Any CPU
		{AB9ED66A-80E9-410D-9061-2085D39BFA0B}.Release|Any CPU.ActiveCfg = Release|Any CPU
		{AB9ED66A-80E9-410D-9061-2085D39BFA0B}.Release|Any CPU.Build.0 = Release|Any CPU
		{C5843719-8E41-466E-BA4D-9CED885790AE}.Debug|Any CPU.ActiveCfg = Debug|Any CPU
		{C5843719-8E41-466E-BA4D-9CED885790AE}.Debug|Any CPU.Build.0 = Debug|Any CPU
		{C5843719-8E41-466E-BA4D-9CED885790AE}.Release|Any CPU.ActiveCfg = Release|Any CPU
		{C5843719-8E41-466E-BA4D-9CED885790AE}.Release|Any CPU.Build.0 = Release|Any CPU
		{6FB6511B-9902-460A-AFA6-15B322D8D324}.Debug|Any CPU.ActiveCfg = Debug|Any CPU
		{6FB6511B-9902-460A-AFA6-15B322D8D324}.Debug|Any CPU.Build.0 = Debug|Any CPU
		{6FB6511B-9902-460A-AFA6-15B322D8D324}.Release|Any CPU.ActiveCfg = Release|Any CPU
		{6FB6511B-9902-460A-AFA6-15B322D8D324}.Release|Any CPU.Build.0 = Release|Any CPU
		{3127EF2C-D932-4317-88C0-F775F8471C1D}.Debug|Any CPU.ActiveCfg = Debug|Any CPU
		{3127EF2C-D932-4317-88C0-F775F8471C1D}.Debug|Any CPU.Build.0 = Debug|Any CPU
		{3127EF2C-D932-4317-88C0-F775F8471C1D}.Release|Any CPU.ActiveCfg = Release|Any CPU
		{3127EF2C-D932-4317-88C0-F775F8471C1D}.Release|Any CPU.Build.0 = Release|Any CPU
		{30B50E2C-845C-40B7-8292-8AB9D22FCC32}.Debug|Any CPU.ActiveCfg = Debug|Any CPU
		{30B50E2C-845C-40B7-8292-8AB9D22FCC32}.Debug|Any CPU.Build.0 = Debug|Any CPU
		{30B50E2C-845C-40B7-8292-8AB9D22FCC32}.Release|Any CPU.ActiveCfg = Release|Any CPU
		{30B50E2C-845C-40B7-8292-8AB9D22FCC32}.Release|Any CPU.Build.0 = Release|Any CPU
		{F4A32FB2-3CA6-4D82-A772-1EE6E27FD4B0}.Debug|Any CPU.ActiveCfg = Debug|Any CPU
		{F4A32FB2-3CA6-4D82-A772-1EE6E27FD4B0}.Debug|Any CPU.Build.0 = Debug|Any CPU
		{F4A32FB2-3CA6-4D82-A772-1EE6E27FD4B0}.Release|Any CPU.ActiveCfg = Release|Any CPU
		{F4A32FB2-3CA6-4D82-A772-1EE6E27FD4B0}.Release|Any CPU.Build.0 = Release|Any CPU
		{B3AA1E7C-C3E3-4F68-9F3C-87A67C54F729}.Debug|Any CPU.ActiveCfg = Debug|Any CPU
		{B3AA1E7C-C3E3-4F68-9F3C-87A67C54F729}.Debug|Any CPU.Build.0 = Debug|Any CPU
		{B3AA1E7C-C3E3-4F68-9F3C-87A67C54F729}.Release|Any CPU.ActiveCfg = Release|Any CPU
		{B3AA1E7C-C3E3-4F68-9F3C-87A67C54F729}.Release|Any CPU.Build.0 = Release|Any CPU
		{A0B5D8B7-A843-4C3B-A07F-293C191423D9}.Debug|Any CPU.ActiveCfg = Debug|Any CPU
		{A0B5D8B7-A843-4C3B-A07F-293C191423D9}.Debug|Any CPU.Build.0 = Debug|Any CPU
		{A0B5D8B7-A843-4C3B-A07F-293C191423D9}.Release|Any CPU.ActiveCfg = Release|Any CPU
		{A0B5D8B7-A843-4C3B-A07F-293C191423D9}.Release|Any CPU.Build.0 = Release|Any CPU
	EndGlobalSection
	GlobalSection(SolutionProperties) = preSolution
		HideSolutionNode = FALSE
	EndGlobalSection
	GlobalSection(ExtensibilityGlobals) = postSolution
		SolutionGuid = {388D3A55-55C3-4467-9254-75A2D87B91EC}
	EndGlobalSection
EndGlobal
