
Microsoft Visual Studio Solution File, Format Version 12.00
# Visual Studio Version 17
VisualStudioVersion = 17.10.34916.146
MinimumVisualStudioVersion = 10.0.40219.1
Project("{FAE04EC0-301F-11D3-BF4B-00C04F79EFBC}") = "ScadaCore", "ScadaCore\ScadaCore.csproj", "{1B8DAC8C-922B-489C-891A-1646C765F794}"
EndProject
Project("{FAE04EC0-301F-11D3-BF4B-00C04F79EFBC}") = "RTDriver", "RTDriver\RTDriver.csproj", "{885C911F-28E1-4B47-93E1-9DFC2F8ACF4C}"
EndProject
Project("{FAE04EC0-301F-11D3-BF4B-00C04F79EFBC}") = "RTUnit", "RTUnit\RTUnit.csproj", "{53DCEDF1-5E00-4180-BFF0-6EA0CDFAD698}"
EndProject
Global
	GlobalSection(SolutionConfigurationPlatforms) = preSolution
		Debug|Any CPU = Debug|Any CPU
		Release|Any CPU = Release|Any CPU
	EndGlobalSection
	GlobalSection(ProjectConfigurationPlatforms) = postSolution
		{1B8DAC8C-922B-489C-891A-1646C765F794}.Debug|Any CPU.ActiveCfg = Debug|Any CPU
		{1B8DAC8C-922B-489C-891A-1646C765F794}.Debug|Any CPU.Build.0 = Debug|Any CPU
		{1B8DAC8C-922B-489C-891A-1646C765F794}.Release|Any CPU.ActiveCfg = Release|Any CPU
		{1B8DAC8C-922B-489C-891A-1646C765F794}.Release|Any CPU.Build.0 = Release|Any CPU
		{885C911F-28E1-4B47-93E1-9DFC2F8ACF4C}.Debug|Any CPU.ActiveCfg = Debug|Any CPU
		{885C911F-28E1-4B47-93E1-9DFC2F8ACF4C}.Debug|Any CPU.Build.0 = Debug|Any CPU
		{885C911F-28E1-4B47-93E1-9DFC2F8ACF4C}.Release|Any CPU.ActiveCfg = Release|Any CPU
		{885C911F-28E1-4B47-93E1-9DFC2F8ACF4C}.Release|Any CPU.Build.0 = Release|Any CPU
		{53DCEDF1-5E00-4180-BFF0-6EA0CDFAD698}.Debug|Any CPU.ActiveCfg = Debug|Any CPU
		{53DCEDF1-5E00-4180-BFF0-6EA0CDFAD698}.Debug|Any CPU.Build.0 = Debug|Any CPU
		{53DCEDF1-5E00-4180-BFF0-6EA0CDFAD698}.Release|Any CPU.ActiveCfg = Release|Any CPU
		{53DCEDF1-5E00-4180-BFF0-6EA0CDFAD698}.Release|Any CPU.Build.0 = Release|Any CPU
	EndGlobalSection
	GlobalSection(SolutionProperties) = preSolution
		HideSolutionNode = FALSE
	EndGlobalSection
	GlobalSection(ExtensibilityGlobals) = postSolution
		SolutionGuid = {388D3A55-55C3-4467-9254-75A2D87B91EC}
	EndGlobalSection
EndGlobal
